hash: 31f332826c10909f0ffac8a76f61c3e36a3281a553fa63cb136089948b92681c
updated: 2017-10-05T13:36:47.154226836+02:00
imports:
- name: github.com/appc/spec
  version: fc380db5fc13c6dd71a5b0bf2af0d182865d1b1d
- name: github.com/containernetworking/cni
  version: 530dd71e193012895ff7beee42cd64a02e1993da
  subpackages:
  - pkg/types
- name: github.com/coreos/go-systemd
  version: d2196463941895ee908e13531a23a39feb9e1243
  subpackages:
  - sdjournal
- name: github.com/golang/glog
  version: 44145f04b68cf362d9c4df2182967c2275eaefed
- name: github.com/moby/moby
  version: 409d4711812c5c23815a783524e543ec653a234b
  subpackages:
  - daemon/caps
- name: github.com/rkt/rkt
  version: 020d59b98f082425ffc54672d9deef1549a1a908
  subpackages:
  - lib
- name: github.com/spf13/pflag
  version: 5ccb023bc27df288a957c5e994cd44fd19619465
- name: github.com/stretchr/testify
  version: f6abca593680b2315d2075e0f5e2a9751e3f431a
  subpackages:
  - assert
  - mock
- name: github.com/vektra/mockery
  version: 50e94ccca3830b02af862920ec59f3dab0794901
  subpackages:
  - cmd/mockery
- name: golang.org/x/net
  version: 1c05540f6879653db88113bc4a2b70aec4bd491f
  subpackages:
  - context
- name: golang.org/x/tools
  version: 2382e3994d48b1d22acc2c86bcad0a2aff028e32
- name: google.golang.org/grpc
  version: d2e1b51f33ff8c5e4a15560ff049d200e83726c5
- name: k8s.io/apimachinery
  version: a5a12502fee6341441df816ded9d370bcdb8889a
- name: k8s.io/client-go
  version: 6a94c085e7c1d9674d338646348de4fa2bb02e94
  subpackages:
  - pkg/api
- name: k8s.io/kube-openapi
  version: 868f2f29720b192240e18284659231b440f9cda5
- name: k8s.io/kubernetes
  version: 0b9efaeb34a2fc51ff8e4d34ad9bc6375459c4a4
  subpackages:
  - pkg/api
  - pkg/api/resource
  - pkg/kubelet/apis/cri/v1alpha1/runtime
  - pkg/kubelet/container
  - pkg/kubelet/kuberuntime
  - pkg/kubelet/server/streaming
  - pkg/kubelet/util/ioutils
  - pkg/util/exec
  - pkg/util/logs
- name: k8s.io/utils
  version: 9fdc871a36f37980dd85f96d576b20d564cc0784
testImports: []
